{
  "lockfileVersion": 1,
  "configVersion": 1,
  "workspaces": {
    "": {
      "name": "compelling",
      "dependencies": {
        "@convex-dev/presence": "^0.4.0",
        "@typegpu/noise": "^0.12.0",
        "@typegpu/three": "^0.12.0",
        "beast-tsrx": "^0.2.7",
        "clsx": "^2.1.1",
        "convex": "^1.45.0",
        "octane": "0.1.37",
        "tailwind-merge": "^3.6.0",
        "three": "^0.185.1",
        "typegpu": "^0.12.0",
      },
      "devDependencies": {
        "@tailwindcss/vite": "^4.1.8",
        "@tsrx/typescript-plugin": "0.3.118",
        "@types/node": "^26.2.0",
        "@types/three": "^0.185.4",
        "@webgpu/types": "^0.1.72",
        "prettier": "^3.6.2",
        "tailwindcss": "^4.1.8",
        "typescript": "^5.9.3",
        "vite": "^8.0.16",
      },
    },
  },
  "packages": {
    "@convex-dev/batch-worker": ["@convex-dev/batch-worker@0.2.1", "", { "peerDependencies": { "convex": "^1.36.1", "react": "^18.3.1 || ^19.0.0" } }, "sha512-QEDW6XmT+SmBJAmNqyl0QAEmJ4yMKJAIoJ+LntsA8KY5gYP+UhSFvTEMCvo177RZxOR/cfkZ3R+4S/UBaj/JnQ=="],

    "@convex-dev/presence": ["@convex-dev/presence@0.4.0", "", { "dependencies": { "@convex-dev/batch-worker": "^0.2.0" }, "peerDependencies": { "convex": "^1.36.1", "expo-crypto": ">=14.1.0", "react": "~18.3.1 || ^19.0.0", "react-dom": "~18.3.1 || ^19.0.0", "react-native": ">=0.79.0" }, "optionalPeers": ["expo-crypto", "react-native"] }, "sha512-T1f2aHyS2D2dxvMnvY+qSJBIRG0W7ph8+mgOvZif52JLlLNscCHTangAgNWR4VLYGhXFFDxwSSpdh7vxzA/hPQ=="],

    "@dimforge/rapier3d-compat": ["@dimforge/rapier3d-compat@0.12.0", "", {}, "sha512-uekIGetywIgopfD97oDL5PfeezkFpNhwlzlaEYNOA0N6ghdsOvh/HYjSMek5Q2O1PYvRSDFcqFVJl4r4ZBwOow=="],

    "@esbuild/aix-ppc64": ["@esbuild/aix-ppc64@0.27.0", "", { "os": "aix", "cpu": "ppc64" }, "sha512-KuZrd2hRjz01y5JK9mEBSD3Vj3mbCvemhT466rSuJYeE/hjuBrHfjjcjMdTm/sz7au+++sdbJZJmuBwQLuw68A=="],

    "@esbuild/android-arm": ["@esbuild/android-arm@0.27.0", "", { "os": "android", "cpu": "arm" }, "sha512-j67aezrPNYWJEOHUNLPj9maeJte7uSMM6gMoxfPC9hOg8N02JuQi/T7ewumf4tNvJadFkvLZMlAq73b9uwdMyQ=="],

    "@esbuild/android-arm64": ["@esbuild/android-arm64@0.27.0", "", { "os": "android", "cpu": "arm64" }, "sha512-CC3vt4+1xZrs97/PKDkl0yN7w8edvU2vZvAFGD16n9F0Cvniy5qvzRXjfO1l94efczkkQE6g1x0i73Qf5uthOQ=="],

    "@esbuild/android-x64": ["@esbuild/android-x64@0.27.0", "", { "os": "android", "cpu": "x64" }, "sha512-wurMkF1nmQajBO1+0CJmcN17U4BP6GqNSROP8t0X/Jiw2ltYGLHpEksp9MpoBqkrFR3kv2/te6Sha26k3+yZ9Q=="],

    "@esbuild/darwin-arm64": ["@esbuild/darwin-arm64@0.27.0", "", { "os": "darwin", "cpu": "arm64" }, "sha512-uJOQKYCcHhg07DL7i8MzjvS2LaP7W7Pn/7uA0B5S1EnqAirJtbyw4yC5jQ5qcFjHK9l6o/MX9QisBg12kNkdHg=="],

    "@esbuild/darwin-x64": ["@esbuild/darwin-x64@0.27.0", "", { "os": "darwin", "cpu": "x64" }, "sha512-8mG6arH3yB/4ZXiEnXof5MK72dE6zM9cDvUcPtxhUZsDjESl9JipZYW60C3JGreKCEP+p8P/72r69m4AZGJd5g=="],

    "@esbuild/freebsd-arm64": ["@esbuild/freebsd-arm64@0.27.0", "", { "os": "freebsd", "cpu": "arm64" }, "sha512-9FHtyO988CwNMMOE3YIeci+UV+x5Zy8fI2qHNpsEtSF83YPBmE8UWmfYAQg6Ux7Gsmd4FejZqnEUZCMGaNQHQw=="],

    "@esbuild/freebsd-x64": ["@esbuild/freebsd-x64@0.27.0", "", { "os": "freebsd", "cpu": "x64" }, "sha512-zCMeMXI4HS/tXvJz8vWGexpZj2YVtRAihHLk1imZj4efx1BQzN76YFeKqlDr3bUWI26wHwLWPd3rwh6pe4EV7g=="],

    "@esbuild/linux-arm": ["@esbuild/linux-arm@0.27.0", "", { "os": "linux", "cpu": "arm" }, "sha512-t76XLQDpxgmq2cNXKTVEB7O7YMb42atj2Re2Haf45HkaUpjM2J0UuJZDuaGbPbamzZ7bawyGFUkodL+zcE+jvQ=="],

    "@esbuild/linux-arm64": ["@esbuild/linux-arm64@0.27.0", "", { "os": "linux", "cpu": "arm64" }, "sha512-AS18v0V+vZiLJyi/4LphvBE+OIX682Pu7ZYNsdUHyUKSoRwdnOsMf6FDekwoAFKej14WAkOef3zAORJgAtXnlQ=="],

    "@esbuild/linux-ia32": ["@esbuild/linux-ia32@0.27.0", "", { "os": "linux", "cpu": "ia32" }, "sha512-Mz1jxqm/kfgKkc/KLHC5qIujMvnnarD9ra1cEcrs7qshTUSksPihGrWHVG5+osAIQ68577Zpww7SGapmzSt4Nw=="],

    "@esbuild/linux-loong64": ["@esbuild/linux-loong64@0.27.0", "", { "os": "linux", "cpu": "none" }, "sha512-QbEREjdJeIreIAbdG2hLU1yXm1uu+LTdzoq1KCo4G4pFOLlvIspBm36QrQOar9LFduavoWX2msNFAAAY9j4BDg=="],

    "@esbuild/linux-mips64el": ["@esbuild/linux-mips64el@0.27.0", "", { "os": "linux", "cpu": "none" }, "sha512-sJz3zRNe4tO2wxvDpH/HYJilb6+2YJxo/ZNbVdtFiKDufzWq4JmKAiHy9iGoLjAV7r/W32VgaHGkk35cUXlNOg=="],

    "@esbuild/linux-ppc64": ["@esbuild/linux-ppc64@0.27.0", "", { "os": "linux", "cpu": "ppc64" }, "sha512-z9N10FBD0DCS2dmSABDBb5TLAyF1/ydVb+N4pi88T45efQ/w4ohr/F/QYCkxDPnkhkp6AIpIcQKQ8F0ANoA2JA=="],

    "@esbuild/linux-riscv64": ["@esbuild/linux-riscv64@0.27.0", "", { "os": "linux", "cpu": "none" }, "sha512-pQdyAIZ0BWIC5GyvVFn5awDiO14TkT/19FTmFcPdDec94KJ1uZcmFs21Fo8auMXzD4Tt+diXu1LW1gHus9fhFQ=="],

    "@esbuild/linux-s390x": ["@esbuild/linux-s390x@0.27.0", "", { "os": "linux", "cpu": "s390x" }, "sha512-hPlRWR4eIDDEci953RI1BLZitgi5uqcsjKMxwYfmi4LcwyWo2IcRP+lThVnKjNtk90pLS8nKdroXYOqW+QQH+w=="],

    "@esbuild/linux-x64": ["@esbuild/linux-x64@0.27.0", "", { "os": "linux", "cpu": "x64" }, "sha512-1hBWx4OUJE2cab++aVZ7pObD6s+DK4mPGpemtnAORBvb5l/g5xFGk0vc0PjSkrDs0XaXj9yyob3d14XqvnQ4gw=="],

    "@esbuild/netbsd-arm64": ["@esbuild/netbsd-arm64@0.27.0", "", { "os": "none", "cpu": "arm64" }, "sha512-6m0sfQfxfQfy1qRuecMkJlf1cIzTOgyaeXaiVaaki8/v+WB+U4hc6ik15ZW6TAllRlg/WuQXxWj1jx6C+dfy3w=="],

    "@esbuild/netbsd-x64": ["@esbuild/netbsd-x64@0.27.0", "", { "os": "none", "cpu": "x64" }, "sha512-xbbOdfn06FtcJ9d0ShxxvSn2iUsGd/lgPIO2V3VZIPDbEaIj1/3nBBe1AwuEZKXVXkMmpr6LUAgMkLD/4D2PPA=="],

    "@esbuild/openbsd-arm64": ["@esbuild/openbsd-arm64@0.27.0", "", { "os": "openbsd", "cpu": "arm64" }, "sha512-fWgqR8uNbCQ/GGv0yhzttj6sU/9Z5/Sv/VGU3F5OuXK6J6SlriONKrQ7tNlwBrJZXRYk5jUhuWvF7GYzGguBZQ=="],

    "@esbuild/openbsd-x64": ["@esbuild/openbsd-x64@0.27.0", "", { "os": "openbsd", "cpu": "x64" }, "sha512-aCwlRdSNMNxkGGqQajMUza6uXzR/U0dIl1QmLjPtRbLOx3Gy3otfFu/VjATy4yQzo9yFDGTxYDo1FfAD9oRD2A=="],

    "@esbuild/openharmony-arm64": ["@esbuild/openharmony-arm64@0.27.0", "", { "os": "none", "cpu": "arm64" }, "sha512-nyvsBccxNAsNYz2jVFYwEGuRRomqZ149A39SHWk4hV0jWxKM0hjBPm3AmdxcbHiFLbBSwG6SbpIcUbXjgyECfA=="],

    "@esbuild/sunos-x64": ["@esbuild/sunos-x64@0.27.0", "", { "os": "sunos", "cpu": "x64" }, "sha512-Q1KY1iJafM+UX6CFEL+F4HRTgygmEW568YMqDA5UV97AuZSm21b7SXIrRJDwXWPzr8MGr75fUZPV67FdtMHlHA=="],

    "@esbuild/win32-arm64": ["@esbuild/win32-arm64@0.27.0", "", { "os": "win32", "cpu": "arm64" }, "sha512-W1eyGNi6d+8kOmZIwi/EDjrL9nxQIQ0MiGqe/AWc6+IaHloxHSGoeRgDRKHFISThLmsewZ5nHFvGFWdBYlgKPg=="],

    "@esbuild/win32-ia32": ["@esbuild/win32-ia32@0.27.0", "", { "os": "win32", "cpu": "ia32" }, "sha512-30z1aKL9h22kQhilnYkORFYt+3wp7yZsHWus+wSKAJR8JtdfI76LJ4SBdMsCopTR3z/ORqVu5L1vtnHZWVj4cQ=="],

    "@esbuild/win32-x64": ["@esbuild/win32-x64@0.27.0", "", { "os": "win32", "cpu": "x64" }, "sha512-aIitBcjQeyOhMTImhLZmtxfdOcuNRpwlPNmlFKPcHQYPhEssw75Cl1TSXJXpMkzaua9FUetx/4OQKq7eJul5Cg=="],

    "@jridgewell/gen-mapping": ["@jridgewell/gen-mapping@0.3.13", "", { "dependencies": { "@jridgewell/sourcemap-codec": "^1.5.0", "@jridgewell/trace-mapping": "^0.3.24" } }, "sha512-2kkt/7niJ6MgEPxF0bYdQ6etZaA+fQvDcLKckhy1yIQOzaoKjBBjSj63/aLVjYE3qhRt5dvM+uUyfCg6UKCBbA=="],

    "@jridgewell/remapping": ["@jridgewell/remapping@2.3.5", "", { "dependencies": { "@jridgewell/gen-mapping": "^0.3.5", "@jridgewell/trace-mapping": "^0.3.24" } }, "sha512-LI9u/+laYG4Ds1TDKSJW2YPrIlcVYOwi2fUC6xB43lueCjgxV4lffOCZCtYFiH6TNOX+tQKXx97T4IKHbhyHEQ=="],

    "@jridgewell/resolve-uri": ["@jridgewell/resolve-uri@3.1.2", "", {}, "sha512-bRISgCIjP20/tbWSPWMEi54QVPRZExkuD9lJL+UIxUKtwVJA8wW1Trb1jMs1RFXo1CBTNZ/5hpC9QvmKWdopKw=="],

    "@jridgewell/sourcemap-codec": ["@jridgewell/sourcemap-codec@1.5.5", "", {}, "sha512-cYQ9310grqxueWbl+WuIUIaiUaDcj7WOq5fVhEljNVgRfOUhY9fy2zTvfoqWsnebh8Sl70VScFbICvJnLKB0Og=="],

    "@jridgewell/trace-mapping": ["@jridgewell/trace-mapping@0.3.31", "", { "dependencies": { "@jridgewell/resolve-uri": "^3.1.0", "@jridgewell/sourcemap-codec": "^1.4.14" } }, "sha512-zzNR+SdQSDJzc8joaeP8QQoCQr8NuYx2dIIytl1QeBEZHJ9uW6hebsrYgbz8hJwUQao3TWCMtmfV8Nu1twOLAw=="],

    "@noble/hashes": ["@noble/hashes@2.3.0", "", {}, "sha512-oN+QwyX7VSHotibwubG3kpzbwKrfnyR6OOO+3Nk/53ADL7FmgHHz4TgrbaYKvvOw09u6QTx0oiH1cNCIOuN0CQ=="],

    "@oxc-project/types": ["@oxc-project/types@0.144.0", "", {}, "sha512-nuhZIOLuI6TFQ32I/WnUx+SCPY7SdSKwgnFHydAuoS1+Z4BRcaP+RRJmGzl9lw+0OFF7UmaESf7KQRXaNLHypg=="],

    "@rolldown/binding-android-arm64": ["@rolldown/binding-android-arm64@1.2.4", "", { "os": "android", "cpu": "arm64" }, "sha512-jHC2cnyKz5xU2fhECtFl8OZ83cYNt13GZQD+0uMJ/X3o+ijmd56okHhTUwxVSHPx1IRVIJEZ1/1pPzeLCU6XKA=="],

    "@rolldown/binding-darwin-arm64": ["@rolldown/binding-darwin-arm64@1.2.4", "", { "os": "darwin", "cpu": "arm64" }, "sha512-Dc5mPD8F5F/FS8i01syd7FTF6yB2fVthH/TRkjwJkzUK6EpoxHtqvZQP5Zwq80/5z19TWYHIg1KOHboCgVx/aQ=="],

    "@rolldown/binding-darwin-x64": ["@rolldown/binding-darwin-x64@1.2.4", "", { "os": "darwin", "cpu": "x64" }, "sha512-fpDm4oBo6SqLvWUYCmFhdde3U9KH2fRNNMeAnAPAIwxRL345xutL0EtEUcuoxsoazdJGv/MuDBQHlCDrtbvqOg=="],

    "@rolldown/binding-freebsd-x64": ["@rolldown/binding-freebsd-x64@1.2.4", "", { "os": "freebsd", "cpu": "x64" }, "sha512-rSJoreDE/HoIzoaib6MTp5jQtCTdMHKIvItAKT/ImS6Y6Ww76oUaeMyp4Vc/fAgd/ehji068IxetHXAnqUwN9A=="],

    "@rolldown/binding-linux-arm-gnueabihf": ["@rolldown/binding-linux-arm-gnueabihf@1.2.4", "", { "os": "linux", "cpu": "arm" }, "sha512-/jm8OGHgn7oGaJu3i/qZI9spUGcJ+y/lk43ttQ/iO1tOd9NissG6o97bighBCiL+BKRngmcDuR6ikfwYdJmVuQ=="],

    "@rolldown/binding-linux-arm64-gnu": ["@rolldown/binding-linux-arm64-gnu@1.2.4", "", { "os": "linux", "cpu": "arm64" }, "sha512-tIP06BeD9EqvECBrPZ+sqdPlYrT+aYaAiu1wYziVx5elRK/ftm33JxVDy2bXGbr6J0CrtirCkR87/X5a2euEng=="],

    "@rolldown/binding-linux-arm64-musl": ["@rolldown/binding-linux-arm64-musl@1.2.4", "", { "os": "linux", "cpu": "arm64" }, "sha512-Ql1Q0EQqVThvn9VAVlwNzsUvbSFtCMGjLpRRi4pk5i7NZZ4n5ISiLMjHYtus4VQ2PvkSw24zyaCVsiS+sXPj1w=="],

    "@rolldown/binding-linux-ppc64-gnu": ["@rolldown/binding-linux-ppc64-gnu@1.2.4", "", { "os": "linux", "cpu": "ppc64" }, "sha512-GjbjXD4XXfN19D0LZNbmiCBUoDiRACsYHr0yaIbbn8aFsXjHZifcYqu/W5Er5X2X990WjHXFrxarn5chzItorQ=="],

    "@rolldown/binding-linux-s390x-gnu": ["@rolldown/binding-linux-s390x-gnu@1.2.4", "", { "os": "linux", "cpu": "s390x" }, "sha512-p5WR0NOwaRmJ/B1b6IjEFLLivwEsf3PrdBIhRbhTCQisbo2SvHHpG4ELB/+FgQNnB88LTOF86upmJmbvZdQ2lw=="],

    "@rolldown/binding-linux-x64-gnu": ["@rolldown/binding-linux-x64-gnu@1.2.4", "", { "os": "linux", "cpu": "x64" }, "sha512-4/GyVjmhR+Tc6HLJvwc1sOhPqAZtySiSMesOZyX6JQ5XBxoTDEMKQzvo07NIK6nTon/SivlZqvhzvuVBNQhObQ=="],

    "@rolldown/binding-linux-x64-musl": ["@rolldown/binding-linux-x64-musl@1.2.4", "", { "os": "linux", "cpu": "x64" }, "sha512-l9eeLsCNvPpmSXUej0etw/J1eqV0Jj1D5G/xG6YTijmE6dkv6E2QezgWbTfQk63v952DPqrjOCoiqxq7Bw0YUQ=="],

    "@rolldown/binding-openharmony-arm64": ["@rolldown/binding-openharmony-arm64@1.2.4", "", { "os": "none", "cpu": "arm64" }, "sha512-e0F355MSTMm3+UOqtV3L24gFUp2N5m1f8L/7d56deik6va+AXdrt9F8LbzGpeWGWRbZEDq4m8NVnJDeBtf9DZg=="],

    "@rolldown/binding-win32-arm64-msvc": ["@rolldown/binding-win32-arm64-msvc@1.2.4", "", { "os": "win32", "cpu": "arm64" }, "sha512-AWLi0uBRYh6QlE7OKhiz+phZC0qwtij2QZmhmOdsLdFn64m7oMpooE9ICE3lhm9xMb4SpDo2WbHcxX1iFLFtqw=="],

    "@rolldown/binding-win32-x64-msvc": ["@rolldown/binding-win32-x64-msvc@1.2.4", "", { "os": "win32", "cpu": "x64" }, "sha512-UwSDJOg3dqCAejWdxclJjCsh3Qq4vLYMDxmyHqo1btz3stK2VqgwNd3mm5tuIwzSlGIQ/1H9Hr+Zn09mrezNqQ=="],

    "@rolldown/pluginutils": ["@rolldown/pluginutils@1.0.1", "", {}, "sha512-2j9bGt5Jh8hj+vPtgzPtl72j0yRxHAyumoo6TNfAjsLB04UtpSvPbPcDcBMxz7n+9CYB0c1GxQFxYRg2jimqGw=="],

    "@sveltejs/acorn-typescript": ["@sveltejs/acorn-typescript@1.0.13", "", { "peerDependencies": { "acorn": "^8.9.0" } }, "sha512-wgKggnhZVL9Bfx1OaKKTrYY9BFRk6C8UAkQNUcIv1+llzYrIqy+RZm5HPKzn0NpEBvTVhTqB4kQyllZywsRBRQ=="],

    "@tailwindcss/node": ["@tailwindcss/node@4.3.3", "", { "dependencies": { "@jridgewell/remapping": "^2.3.5", "enhanced-resolve": "^5.24.1", "jiti": "^2.7.0", "lightningcss": "1.32.0", "magic-string": "^0.30.21", "source-map-js": "^1.2.1", "tailwindcss": "4.3.3" } }, "sha512-/T8IKEsf9VTU6tLjgC7+sv2mOPtQxzE2jMw7u4Tt40Tx+QSZxpzh95/H6cMKoja9XuW7iMdLJYBB0o9G1CaAgg=="],

    "@tailwindcss/oxide": ["@tailwindcss/oxide@4.3.3", "", { "optionalDependencies": { "@tailwindcss/oxide-android-arm64": "4.3.3", "@tailwindcss/oxide-darwin-arm64": "4.3.3", "@tailwindcss/oxide-darwin-x64": "4.3.3", "@tailwindcss/oxide-freebsd-x64": "4.3.3", "@tailwindcss/oxide-linux-arm-gnueabihf": "4.3.3", "@tailwindcss/oxide-linux-arm64-gnu": "4.3.3", "@tailwindcss/oxide-linux-arm64-musl": "4.3.3", "@tailwindcss/oxide-linux-x64-gnu": "4.3.3", "@tailwindcss/oxide-linux-x64-musl": "4.3.3", "@tailwindcss/oxide-wasm32-wasi": "4.3.3", "@tailwindcss/oxide-win32-arm64-msvc": "4.3.3", "@tailwindcss/oxide-win32-x64-msvc": "4.3.3" } }, "sha512-krXjAikiaFSPaK/FkAQT5UTx3VormQaiZ5hBFlJZ9UFQGB/rwg1MZIhHAG9smMQRTdyJxP6Qt5MwMtdyU5FWrA=="],

    "@tailwindcss/oxide-android-arm64": ["@tailwindcss/oxide-android-arm64@4.3.3", "", { "os": "android", "cpu": "arm64" }, "sha512-Y85A2gmPSkl5Ve5qR86GL4HT509cFqQh1aes9p3sSkyTPwt0Pppf3GkwGe4JPACcRYjgJIEhQgM6dBClnr0NYw=="],

    "@tailwindcss/oxide-darwin-arm64": ["@tailwindcss/oxide-darwin-arm64@4.3.3", "", { "os": "darwin", "cpu": "arm64" }, "sha512-BiaWatpBcERQFDlOjRDpIVXuFK5PJez5SA4JMg6VYZdBYU+qKfV/vqjcIs+IYmtitf1xYQZTwXvU/8y4lfZUGw=="],

    "@tailwindcss/oxide-darwin-x64": ["@tailwindcss/oxide-darwin-x64@4.3.3", "", { "os": "darwin", "cpu": "x64" }, "sha512-fAeUqfV5ndhxRwai8cXGzdLvul9utWOmeTkv69unv4ZXixjn61Z+p9lCWdwOwA3TYboG3BwdVuN/RDjhBRl0mw=="],

    "@tailwindcss/oxide-freebsd-x64": ["@tailwindcss/oxide-freebsd-x64@4.3.3", "", { "os": "freebsd", "cpu": "x64" }, "sha512-iyf5bV6+wnAlflVeEy7R25dupxTNECZN5QMI0qNT6eT+EgaGdZcKhGkr5SdoaWiLJ3spLqIY9VCeSGrwmtg4kw=="],

    "@tailwindcss/oxide-linux-arm-gnueabihf": ["@tailwindcss/oxide-linux-arm-gnueabihf@4.3.3", "", { "os": "linux", "cpu": "arm" }, "sha512-aAYUprJAJQWWbRrPvtjdroZ56Md+JM8pMiopS6xGEwDfLhqj+2ver2p4nU4Mb3CRqcMmNBjo8KkUgcxhkzVQGQ=="],

    "@tailwindcss/oxide-linux-arm64-gnu": ["@tailwindcss/oxide-linux-arm64-gnu@4.3.3", "", { "os": "linux", "cpu": "arm64" }, "sha512-nDxldcEENOxZRzC2uu9jrutZdAAQtb+8WWDCSnWL1zvBk1+FN+x6MtDViPB5AJMfttVCUhehGWus3XBPgatM/w=="],

    "@tailwindcss/oxide-linux-arm64-musl": ["@tailwindcss/oxide-linux-arm64-musl@4.3.3", "", { "os": "linux", "cpu": "arm64" }, "sha512-Md44bD6veX/PC5iyF8cDVnw4HBIANZepRZZ7a8DQOvkfo5WUBwcp6iAuCUz23u+4SUkhJlD3eL7hNdW8ezd/kA=="],

    "@tailwindcss/oxide-linux-x64-gnu": ["@tailwindcss/oxide-linux-x64-gnu@4.3.3", "", { "os": "linux", "cpu": "x64" }, "sha512-tx7us1muwOKAKWao2v/GaafFeQboE6aj88vC6ziN2NCGcRm8gWUhwjzg+YdVB1e4boAtdtma4L43onunI6NS4w=="],

    "@tailwindcss/oxide-linux-x64-musl": ["@tailwindcss/oxide-linux-x64-musl@4.3.3", "", { "os": "linux", "cpu": "x64" }, "sha512-SJxX60smvHgasZoBy11dX6YRjXJFovwWBoedhbQPOBzgFWBHGB+TVPWB9BxzR7TTxU8FQZAI2AyiNCMzFm8Img=="],

    "@tailwindcss/oxide-wasm32-wasi": ["@tailwindcss/oxide-wasm32-wasi@4.3.3", "", { "dependencies": { "@emnapi/core": "^1.11.1", "@emnapi/runtime": "^1.11.1", "@emnapi/wasi-threads": "^1.2.2", "@napi-rs/wasm-runtime": "^1.1.4", "@tybys/wasm-util": "^0.10.2", "tslib": "^2.8.1" }, "cpu": "none" }, "sha512-jx1+rPhY/5Ympkktd656HBWEBLxP7dH06losBLjjf5vgCODXvi9KhtftWcMIwTFIDqBr7cRnQkdLnAG+IOlGvQ=="],

    "@tailwindcss/oxide-win32-arm64-msvc": ["@tailwindcss/oxide-win32-arm64-msvc@4.3.3", "", { "os": "win32", "cpu": "arm64" }, "sha512-3rc292Ca2ceK6Ulcc/bAVnTs/3nDtoPhyEKlgPv+yQJQi/JS/AMJlqzxvlDacL1nekbrcf6bTqp/jV4qgnPxNQ=="],

    "@tailwindcss/oxide-win32-x64-msvc": ["@tailwindcss/oxide-win32-x64-msvc@4.3.3", "", { "os": "win32", "cpu": "x64" }, "sha512-yJ0pwIVc/nYeGoV02WtsN8KYyLQv7kyI2wDnkezyJlGGjkd4QLwDGAwl47YpPJeuI0M0ObaXGSPjvWDPeTPggw=="],

    "@tailwindcss/vite": ["@tailwindcss/vite@4.3.3", "", { "dependencies": { "@tailwindcss/node": "4.3.3", "@tailwindcss/oxide": "4.3.3", "tailwindcss": "4.3.3" }, "peerDependencies": { "vite": "^5.2.0 || ^6 || ^7 || ^8" } }, "sha512-yYU8cogLeSh/ms2jh8Fj7jaba/EWa7Ja6GoUqYZaraEuCI5YS6ms6ObZgjjedm+jm6XZjdNRWBpPP6Z86oOxcw=="],

    "@tsrx/core": ["@tsrx/core@0.1.58", "", { "dependencies": { "@jridgewell/sourcemap-codec": "^1.5.5", "@noble/hashes": "^2.2.0", "@sveltejs/acorn-typescript": "^1.0.13", "@types/estree": "^1.0.8", "@types/estree-jsx": "^1.0.5", "acorn": "^8.17.0", "esrap": "^2.3.2", "is-reference": "^3.0.3", "magic-string": "^0.30.18", "zimmerframe": "^1.1.2" } }, "sha512-2dq/PYJZ5XDZ8nshfC4QHO/UACEivKegPQ4kmyse6sgxmE7Udsh56zX4v2KlNd2DjWaR34SELS3JnVr0XQzX8A=="],

    "@tsrx/typescript-plugin": ["@tsrx/typescript-plugin@0.3.118", "", { "dependencies": { "@volar/language-core": "~2.4.28", "@volar/typescript": "~2.4.28" }, "peerDependencies": { "@tsrx/preact": "0.1.56", "@tsrx/react": "0.2.56", "@tsrx/ripple": "0.1.57", "@tsrx/solid": "0.1.56", "@tsrx/vue": "0.1.56", "octane": "*", "typescript": "^5.9.3" }, "optionalPeers": ["@tsrx/preact", "@tsrx/react", "@tsrx/ripple", "@tsrx/solid", "@tsrx/vue", "octane"], "bin": { "tsrx-tsc": "./dist/tsc.js" } }, "sha512-70yYCbX7v2pyrQcdSoQdvDFe0WbpnjjvVdqzc5weMXKEit4x617Qj2z61bVzjPX+6QgMPqG4cioW5/lMKG84mw=="],

    "@tweenjs/tween.js": ["@tweenjs/tween.js@23.1.3", "", {}, "sha512-vJmvvwFxYuGnF2axRtPYocag6Clbb5YS7kLL+SO/TeVFzHqDIWrNKYtcsPMibjDx9O+bu+psAy9NKfWklassUA=="],

    "@typegpu/gl": ["@typegpu/gl@0.12.1", "", { "dependencies": { "tinyest": "^0.3.2" }, "peerDependencies": { "typegpu": "^0.12.0" } }, "sha512-Vt0Olc2gy8afRnNoZnRwE0pbNOta1G0rhtn890i6ROOeL4K7vCHvEag5rPGvqoQVf2RFbA5uiCXrBwVf5lcfFQ=="],

    "@typegpu/noise": ["@typegpu/noise@0.12.0", "", { "peerDependencies": { "typegpu": "^0.12.0" } }, "sha512-JuBKXz8nkwC+1jMjJS5C6SZD+xzsF1yb8+Pcl3L5uhjqdEGraksXH20v0vOvjmio8dsRZWhmZ5S27DTdqhSpCA=="],

    "@typegpu/three": ["@typegpu/three@0.12.0", "", { "peerDependencies": { "@typegpu/gl": "^0.12.0", "three": ">0.126.0", "typegpu": "^0.12.0" } }, "sha512-t2GHxy0Pu2F09ah9rUmJqpopLhM/7lEAipW+Jy5DRBV5XK73K8HyBjJxJcX0RlcRNVxiBepuuIzqVmkEpCQvxg=="],

    "@types/estree": ["@types/estree@1.0.9", "", {}, "sha512-GhdPgy1el4/ImP05X05Uw4cw2/M93BCUmnEvWZNStlCzEKME4Fkk+YpoA5OiHNQmoS7Cafb8Xa3Pya8m1Qrzeg=="],

    "@types/estree-jsx": ["@types/estree-jsx@1.0.5", "", { "dependencies": { "@types/estree": "*" } }, "sha512-52CcUVNFyfb1A2ALocQw/Dd1BQFNmSdkuC3BkZ6iqhdMfQz7JWOFRuJFloOzjk+6WijU56m9oKXFAXc7o3Towg=="],

    "@types/node": ["@types/node@26.2.0", "", { "dependencies": { "undici-types": "~8.3.0" } }, "sha512-5IviulTZeRNp2vAJ514cc/HUlY5nZ9fCbq9DMyC52BrhFZACo3nI0R7qBxhQmo/d27NFe96ur/b7Wwxklda+kg=="],

    "@types/react": ["@types/react@19.2.18", "", { "dependencies": { "csstype": "^3.2.2" } }, "sha512-AnzbBERsrLKtk2XSfTbYRLjQPdy116Sty4q+T+Bp3IC4l6jNBvreVPAHmpq9qhXQM7CXZPjLVmGMw9sy+hxQ3w=="],

    "@types/stats.js": ["@types/stats.js@0.17.4", "", {}, "sha512-jIBvWWShCvlBqBNIZt0KAshWpvSjhkwkEu4ZUcASoAvhmrgAUI2t1dXrjSL4xXVLB4FznPrIsX3nKXFl/Dt4vA=="],

    "@types/three": ["@types/three@0.185.4", "", { "dependencies": { "@dimforge/rapier3d-compat": "~0.12.0", "@tweenjs/tween.js": "~23.1.3", "@types/stats.js": "*", "@types/webxr": ">=0.5.17", "fflate": "~0.8.2", "meshoptimizer": "~1.1.1" } }, "sha512-gAsBIC07NIFrxjbf7tH2t71c38uulFfk/RFoC7FNBSjMRAQ8J1x/RBvusX0N5PJouaYFJawXQqfCQ0RKUx/1nA=="],

    "@types/webxr": ["@types/webxr@0.5.24", "", {}, "sha512-h8fgEd/DpoS9CBrjEQXR+dIDraopAEfu4wYVNY2tEPwk60stPWhvZMf4Foo5FakuQ7HFZoa8WceaWFervK2Ovg=="],

    "@volar/language-core": ["@volar/language-core@2.4.28", "", { "dependencies": { "@volar/source-map": "2.4.28" } }, "sha512-w4qhIJ8ZSitgLAkVay6AbcnC7gP3glYM3fYwKV3srj8m494E3xtrCv6E+bWviiK/8hs6e6t1ij1s2Endql7vzQ=="],

    "@volar/source-map": ["@volar/source-map@2.4.28", "", {}, "sha512-yX2BDBqJkRXfKw8my8VarTyjv48QwxdJtvRgUpNE5erCsgEUdI2DsLbpa+rOQVAJYshY99szEcRDmyHbF10ggQ=="],

    "@volar/typescript": ["@volar/typescript@2.4.28", "", { "dependencies": { "@volar/language-core": "2.4.28", "path-browserify": "^1.0.1", "vscode-uri": "^3.0.8" } }, "sha512-Ja6yvWrbis2QtN4ClAKreeUZPVYMARDYZl9LMEv1iQ1QdepB6wn0jTRxA9MftYmYa4DQ4k/DaSZpFPUfxl8giw=="],

    "@webgpu/types": ["@webgpu/types@0.1.72", "", {}, "sha512-0cF7RFM2edNoiIS1ODJp0/Gzv4/xSXhwoR0YCza+OWpJWtn4wmo9DvK91aLlH9+uUnwIriP7ZiC3WitmyhuzBw=="],

    "acorn": ["acorn@8.18.0", "", { "bin": { "acorn": "bin/acorn" } }, "sha512-lGq+9yr1/GuAWaVYIHRjvvySG5/4VfKIvC8EWxStPdcDh/Ka7FG3twP6v4d5BkravUilhIAsG4Qj83t02LWUPQ=="],

    "beast-tsrx": ["beast-tsrx@0.2.7", "", { "dependencies": { "@jridgewell/gen-mapping": "^0.3.13", "@jridgewell/remapping": "^2.3.5", "entities": "^7.0.1" }, "peerDependencies": { "@octanejs/rsbuild-plugin": "0.1.32", "@octanejs/rspack-plugin": "0.1.32", "@rsbuild/core": "^2.0.0", "@rspack/core": "^2.0.0", "octane": "0.1.37", "vite": "^8.0.16" }, "optionalPeers": ["@octanejs/rsbuild-plugin", "@octanejs/rspack-plugin", "@rsbuild/core", "@rspack/core", "octane", "vite"], "bin": { "beast": "dist/cli.js" } }, "sha512-2UJB5RnsDfJq4DSb54xCQxswjNKlK/9g+Uf29mAqI3ZS6xygBtNkBB1EQvhdoSu2SKqrq7lqbkojmT5eLVcqYA=="],

    "clsx": ["clsx@2.1.1", "", {}, "sha512-eYm0QWBtUrBWZWG0d386OGAw16Z995PiOVo2B7bjWSbHedGl5e0ZWaq65kOGgUSNesEIDkB9ISbTg/JK9dhCZA=="],

    "convex": ["convex@1.45.0", "", { "dependencies": { "esbuild": "0.27.0", "prettier": "^3.0.0", "ws": "8.21.0" }, "peerDependencies": { "@auth0/auth0-react": "^2.0.1", "@clerk/clerk-react": "^4.12.8 || ^5.0.0", "@clerk/react": "^6.4.3", "react": "^18.0.0 || ^19.0.0-0 || ^19.0.0" }, "optionalPeers": ["@auth0/auth0-react", "@clerk/clerk-react", "@clerk/react", "react"], "bin": { "convex": "bin/main.js" } }, "sha512-AV3B56Ptu/14d76g3urBJ50dwpiZa6uJaLT84OWox5aCwZIJiuAamdjv3lLHDzs8vv5kC31anEZohhUe3qJ2bA=="],

    "csstype": ["csstype@3.2.3", "", {}, "sha512-z1HGKcYy2xA8AGQfwrn0PAy+PB7X/GSj3UVJW9qKyn43xWa+gl5nXmU4qqLMRzWVLFC8KusUX8T/0kCiOYpAIQ=="],

    "detect-libc": ["detect-libc@2.1.2", "", {}, "sha512-Btj2BOOO83o3WyH59e8MgXsxEQVcarkUOpEYrubB0urwnN10yQ364rsiByU11nZlqWYZm05i/of7io4mzihBtQ=="],

    "devalue": ["devalue@5.9.0", "", {}, "sha512-RWrqdArjvPbsATEhOPUo6Wndc/iWnkWKlhIrdlF3zMMYo/c3CVtoaVAyLtWxz5h8nSlkHzxnzV2uLydPXmtF+A=="],

    "enhanced-resolve": ["enhanced-resolve@5.24.5", "", { "dependencies": { "graceful-fs": "^4.2.4", "tapable": "^2.3.3" } }, "sha512-L1l8TNvomm6UVW5B253AGxQagSQr+vGwhMlrrfRS2qmhx46AMpMVJKQYLvWYbysTMY8VoicOvzHzoHMbyzB+4A=="],

    "entities": ["entities@7.0.1", "", {}, "sha512-TWrgLOFUQTH994YUyl1yT4uyavY5nNB5muff+RtWaqNVCAK408b5ZnnbNAUEWLTCpum9w6arT70i1XdQ4UeOPA=="],

    "es-module-lexer": ["es-module-lexer@1.7.0", "", {}, "sha512-jEQoCwk8hyb2AZziIOLhDqpm5+2ww5uIE6lkO/6jcOCusfk6LhMHpXXfBLXTZ7Ydyt0j4VoUQv6uGNYbdW+kBA=="],

    "esbuild": ["esbuild@0.27.0", "", { "optionalDependencies": { "@esbuild/aix-ppc64": "0.27.0", "@esbuild/android-arm": "0.27.0", "@esbuild/android-arm64": "0.27.0", "@esbuild/android-x64": "0.27.0", "@esbuild/darwin-arm64": "0.27.0", "@esbuild/darwin-x64": "0.27.0", "@esbuild/freebsd-arm64": "0.27.0", "@esbuild/freebsd-x64": "0.27.0", "@esbuild/linux-arm": "0.27.0", "@esbuild/linux-arm64": "0.27.0", "@esbuild/linux-ia32": "0.27.0", "@esbuild/linux-loong64": "0.27.0", "@esbuild/linux-mips64el": "0.27.0", "@esbuild/linux-ppc64": "0.27.0", "@esbuild/linux-riscv64": "0.27.0", "@esbuild/linux-s390x": "0.27.0", "@esbuild/linux-x64": "0.27.0", "@esbuild/netbsd-arm64": "0.27.0", "@esbuild/netbsd-x64": "0.27.0", "@esbuild/openbsd-arm64": "0.27.0", "@esbuild/openbsd-x64": "0.27.0", "@esbuild/openharmony-arm64": "0.27.0", "@esbuild/sunos-x64": "0.27.0", "@esbuild/win32-arm64": "0.27.0", "@esbuild/win32-ia32": "0.27.0", "@esbuild/win32-x64": "0.27.0" }, "bin": { "esbuild": "bin/esbuild" } }, "sha512-jd0f4NHbD6cALCyGElNpGAOtWxSq46l9X/sWB0Nzd5er4Kz2YTm+Vl0qKFT9KUJvD8+fiO8AvoHhFvEatfVixA=="],

    "esrap": ["esrap@2.3.4", "", { "dependencies": { "@jridgewell/sourcemap-codec": "^1.4.15" }, "peerDependencies": { "@typescript-eslint/types": "^8.2.0" }, "optionalPeers": ["@typescript-eslint/types"] }, "sha512-CHnJXZDfBeOAjLIGNy/0BEsmDu5+irHgUXRW9pGptxCbO3uyjJ98crilzFgiBqizW94UodjX3GAPLg/dhEnUfA=="],

    "fdir": ["fdir@6.5.0", "", { "peerDependencies": { "picomatch": "^3 || ^4" }, "optionalPeers": ["picomatch"] }, "sha512-tIbYtZbucOs0BRGqPJkshJUYdL+SDH7dVM8gjy+ERp3WAUjLEFJE+02kanyHtwjWOnwrKYBiwAmM0p4kLJAnXg=="],

    "fflate": ["fflate@0.8.3", "", {}, "sha512-tbZNuJrLwGUp3zshBtdy4W+ORxZuIh8a5ilyIEQDC5rY1f3U20JMry0Ll3WBzU58EZKsEuJFXhb5gwv8CsPvgA=="],

    "fsevents": ["fsevents@2.3.3", "", { "os": "darwin" }, "sha512-5xoDfX+fL7faATnagmWPpbFtwh/R77WmMMqqHGS65C3vvB0YHrgF+B1YmZ3441tMj5n63k0212XNoJwzlhffQw=="],

    "graceful-fs": ["graceful-fs@4.2.11", "", {}, "sha512-RbJ5/jmFcNNCcDV5o9eTnBLJ/HszWV0P73bc+Ff4nS/rJj+YaS6IGyiOL0VoBYX+l1Wrl3k63h/KrH+nhJ0XvQ=="],

    "is-reference": ["is-reference@3.0.3", "", { "dependencies": { "@types/estree": "^1.0.6" } }, "sha512-ixkJoqQvAP88E6wLydLGGqCJsrFUnqoH6HnaczB8XmDH1oaWU+xxdptvikTgaEhtZ53Ky6YXiBuUI2WXLMCwjw=="],

    "jiti": ["jiti@2.7.0", "", { "bin": { "jiti": "lib/jiti-cli.mjs" } }, "sha512-AC/7JofJvZGrrneWNaEnJeOLUx+JlGt7tNa0wZiRPT4MY1wmfKjt2+6O2p2uz2+skll8OZZmJMNqeke7kKbNgQ=="],

    "lightningcss": ["lightningcss@1.33.0", "", { "dependencies": { "detect-libc": "^2.0.3" }, "optionalDependencies": { "lightningcss-android-arm64": "1.33.0", "lightningcss-darwin-arm64": "1.33.0", "lightningcss-darwin-x64": "1.33.0", "lightningcss-freebsd-x64": "1.33.0", "lightningcss-linux-arm-gnueabihf": "1.33.0", "lightningcss-linux-arm64-gnu": "1.33.0", "lightningcss-linux-arm64-musl": "1.33.0", "lightningcss-linux-x64-gnu": "1.33.0", "lightningcss-linux-x64-musl": "1.33.0", "lightningcss-win32-arm64-msvc": "1.33.0", "lightningcss-win32-x64-msvc": "1.33.0" } }, "sha512-WkUDrojuJs0xkgGf2udWxa3yGBRxPtxUkB79i6aCZLRgc7PM8fZe9TosfPDcvEpQZbuFASnHYmRLBLUbmLOIIA=="],

    "lightningcss-android-arm64": ["lightningcss-android-arm64@1.33.0", "", { "os": "android", "cpu": "arm64" }, "sha512-gEpRTalKdosp4Bb8qWtc2iOgE5SeIHlpS1up9bFq2wAyYhl1UdTObYiHe98zEM9SQvSoqQZ1IQD0JNpg3Ml5pg=="],

    "lightningcss-darwin-arm64": ["lightningcss-darwin-arm64@1.33.0", "", { "os": "darwin", "cpu": "arm64" }, "sha512-Sciaz8eenNTKn9b3t7+xr0ipTp9YxKQY4npwQ3mrRuL0BAVHBLyZxofhaKBAVtzmtRZ/zTyo0/to4B1uWG/Djg=="],

    "lightningcss-darwin-x64": ["lightningcss-darwin-x64@1.33.0", "", { "os": "darwin", "cpu": "x64" }, "sha512-Z5UPAxzrjlWNNyGy6i65cJzzvgJ5D3T6wMvs+gWpY9d7qRhANrxqAp6LhxIgZhWEw18RfJTGcRxjuLIBr+m8XQ=="],

    "lightningcss-freebsd-x64": ["lightningcss-freebsd-x64@1.33.0", "", { "os": "freebsd", "cpu": "x64" }, "sha512-QQM/Ti/hQajJwCY+RiWuCZ9sdtI/XQk7nDK5vC8kkdwixezOlDgvDx7+RT+QjK6FcFT4MpsuoBnHIo/O3StRRg=="],

    "lightningcss-linux-arm-gnueabihf": ["lightningcss-linux-arm-gnueabihf@1.33.0", "", { "os": "linux", "cpu": "arm" }, "sha512-N7FVBe6iS24MlM6R/4RBTxGhQheZGs7tiQ9U32UtF75NzP5Q7xWPRqLBCKxlRQRk3rY1jCIPLzx7WzOhuUIRLQ=="],

    "lightningcss-linux-arm64-gnu": ["lightningcss-linux-arm64-gnu@1.33.0", "", { "os": "linux", "cpu": "arm64" }, "sha512-j2v/itmy4HlNxlc6voKXYgBqNi0Ng2LShg4z7GufpEgs05P+2suBVyi9I6YHq5uoVFx9ETin3eCEhLVyXGQnKg=="],

    "lightningcss-linux-arm64-musl": ["lightningcss-linux-arm64-musl@1.33.0", "", { "os": "linux", "cpu": "arm64" }, "sha512-yiO5ROMuYQgXbC60yjZU5CYSFZGKXL0HFATXt9mHJn1+zW55oCtMI9NfcVhYLMFDL7gV7oBPon/EmMMGg2OvtQ=="],

    "lightningcss-linux-x64-gnu": ["lightningcss-linux-x64-gnu@1.33.0", "", { "os": "linux", "cpu": "x64" }, "sha512-ar+Ju7LmcN0Jo4FpL4hpFybwNG9/3A/Br5KW2n2jyODg3MEZXaDYADdemoNS+BDNfMgKvylJLj4S5tyRActuAg=="],

    "lightningcss-linux-x64-musl": ["lightningcss-linux-x64-musl@1.33.0", "", { "os": "linux", "cpu": "x64" }, "sha512-RYiYbkokw0trfKqqzfF55lginwEPrD3OJDfTuJzFs1MK6iFnDenaz1fqLLtX4ITG3OktJQXOeTaw1awrBAlZPw=="],

    "lightningcss-win32-arm64-msvc": ["lightningcss-win32-arm64-msvc@1.33.0", "", { "os": "win32", "cpu": "arm64" }, "sha512-1K+MPfLSFVpphzpdbfkhlWk6wBrTObBzS2T6db10PNOZgR9GoVsAWzwNyuhUYYbTp23j+4RrncfujZ4uAzXvwA=="],

    "lightningcss-win32-x64-msvc": ["lightningcss-win32-x64-msvc@1.33.0", "", { "os": "win32", "cpu": "x64" }, "sha512-OlEICDx/Xl0FqSp4bry8zFnCvGpig3Gl4gCquvYwHuqJKEC1+n9NgDniFvqHGmMv1ZkqDJrDqKKSykTDX+ehuA=="],

    "magic-string": ["magic-string@0.30.21", "", { "dependencies": { "@jridgewell/sourcemap-codec": "^1.5.5" } }, "sha512-vd2F4YUyEXKGcLHoq+TEyCjxueSeHnFxyyjNp80yg0XV4vUhnDer/lvvlqM/arB5bXQN5K2/3oinyCRyx8T2CQ=="],

    "meshoptimizer": ["meshoptimizer@1.1.1", "", {}, "sha512-oRFNWJRDA/WTrVj7NWvqa5HqE1t9MYDj2VaWirQCzCCrAd2GHrqR/sQezCxiWATPNlKTcRaPRHPJwIRoPBAp5g=="],

    "nanoid": ["nanoid@3.3.18", "", { "bin": { "nanoid": "bin/nanoid.cjs" } }, "sha512-DTg4MJbGMWkfi6VZFdNt2/caMbQy4Ou+Op/hJQvGEWcnVfoA1QA+xzRKAzw9jD6+GVOOeYr/mIcuDSdug6F6+w=="],

    "octane": ["octane@0.1.37", "", { "dependencies": { "@tsrx/core": "^0.1.56", "@types/react": "^19.2.17", "devalue": "^5.8.2", "es-module-lexer": "^1.7.0", "esrap": "^2.3.2" }, "peerDependencies": { "react": "^19.0.0", "react-dom": "^19.0.0", "vite": "^8.0.16" }, "optionalPeers": ["react", "react-dom", "vite"] }, "sha512-KJ0mzdZkhBYZHMrVfSOWqbaEBH9ZsRzjnkIbCz9umK0NNyhq4KMLm12L62FCnFIJBRCHWU8IHcOpLn5PmIrDiw=="],

    "path-browserify": ["path-browserify@1.0.1", "", {}, "sha512-b7uo2UCUOYZcnF/3ID0lulOJi/bafxa1xPe7ZPsammBSpjSWQkjNxlt635YGS2MiR9GjvuXCtz2emr3jbsz98g=="],

    "picocolors": ["picocolors@1.1.1", "", {}, "sha512-xceH2snhtb5M9liqDsmEw56le376mTZkEX/jEb/RxNFyegNul7eNslCXP9FDj/Lcu0X8KEyMceP2ntpaHrDEVA=="],

    "picomatch": ["picomatch@4.0.5", "", {}, "sha512-RvwwcruNjI1ncT5xRakeyS9Lf8lcItv34KD+aif+VH9kduAyfYBipGh12274xtenIPZ119/R9BdTBa8gAwSh0A=="],

    "postcss": ["postcss@8.5.26", "", { "dependencies": { "nanoid": "^3.3.17", "picocolors": "^1.1.1", "source-map-js": "^1.2.1" } }, "sha512-u82N74LFzG8ca+dD8puPnplTXoGH4fTPpVGuIbt36G3qvNlkvfD0lEAZSxaly3KX8TS/L1A1gsCEmvKmBcVbkQ=="],

    "prettier": ["prettier@3.9.6", "", { "bin": { "prettier": "bin/prettier.cjs" } }, "sha512-OpN0zzVdiaiAhxpuuj5efpIS4sY9j7bY6uR5mnj5yPzGkdkjNKSJeUThPb60Jw29QuAZgA4o+/iB49kFiaBX6g=="],

    "react": ["react@19.2.8", "", {}, "sha512-PWaYA1L/q9u2u7xYQi+Y3L3Yfnie7XyLeaJICV1MGD6LprsBxcAqGjYyr0eY3p+QdsA+x/Irkt4Qif8D63+Sbw=="],

    "react-dom": ["react-dom@19.2.8", "", { "dependencies": { "scheduler": "^0.27.0" }, "peerDependencies": { "react": "^19.2.8" } }, "sha512-rVprimfGBG3DR+Tq0IQG2DT5PxKth1WIGDmj5yPmlzr4YBe7uyE+Du4oVqTDXZSHGGGXRtTJEGSSePyQCMBglQ=="],

    "rolldown": ["rolldown@1.2.4", "", { "dependencies": { "@oxc-project/types": "=0.144.0", "@rolldown/pluginutils": "^1.0.0" }, "optionalDependencies": { "@rolldown/binding-android-arm64": "1.2.4", "@rolldown/binding-darwin-arm64": "1.2.4", "@rolldown/binding-darwin-x64": "1.2.4", "@rolldown/binding-freebsd-x64": "1.2.4", "@rolldown/binding-linux-arm-gnueabihf": "1.2.4", "@rolldown/binding-linux-arm64-gnu": "1.2.4", "@rolldown/binding-linux-arm64-musl": "1.2.4", "@rolldown/binding-linux-ppc64-gnu": "1.2.4", "@rolldown/binding-linux-s390x-gnu": "1.2.4", "@rolldown/binding-linux-x64-gnu": "1.2.4", "@rolldown/binding-linux-x64-musl": "1.2.4", "@rolldown/binding-openharmony-arm64": "1.2.4", "@rolldown/binding-win32-arm64-msvc": "1.2.4", "@rolldown/binding-win32-x64-msvc": "1.2.4" }, "bin": { "rolldown": "./bin/cli.mjs" } }, "sha512-rSr7irW0K7QRWzjdJXqZowkcRdDtjRduh43rBltnVKd0VFq839l1lJoDvGJb6gl7+4rTTCrPWu+YfujUL8Ug7w=="],

    "scheduler": ["scheduler@0.27.0", "", {}, "sha512-eNv+WrVbKu1f3vbYJT/xtiF5syA5HPIMtf9IgY/nKg0sWqzAUEvqY/xm7OcZc/qafLx/iO9FgOmeSAp4v5ti/Q=="],

    "source-map-js": ["source-map-js@1.2.1", "", {}, "sha512-UXWMKhLOwVKb728IUtQPXxfYU+usdybtUrK/8uGE8CQMvrhOpwvzDBwj0QhSL7MQc7vIsISBG8VQ8+IDQxpfQA=="],

    "tailwind-merge": ["tailwind-merge@3.6.0", "", {}, "sha512-uxL7qAVQriqRQPAyK3pj66VqskWqoZ37PW94jwOTwNfq/z9oyu1V+eqrZqtR2+fCiXdYOZe/Modt8GtvqNzu+w=="],

    "tailwindcss": ["tailwindcss@4.3.3", "", {}, "sha512-gOhV3P7ufE62QDGg1zVaTgCR+EtPv92k2nIhVcVKcLmxT1sUBsQGhnZj175j+MqRt4zLF7ic+sCYjfhxMxj7YQ=="],

    "tapable": ["tapable@2.3.3", "", {}, "sha512-uxc/zpqFg6x7C8vOE7lh6Lbda8eEL9zmVm/PLeTPBRhh1xCgdWaQ+J1CUieGpIfm2HdtsUpRv+HshiasBMcc6A=="],

    "three": ["three@0.185.1", "", {}, "sha512-5aojFCXKwnjBRZvUnt3WFfEcvUJgkN5LlijRFN95hMy8WVkG4I0QNcJE+OuWvuJ0bOdStrbfXn0pkd6/QyiAlg=="],

    "tinyest": ["tinyest@0.3.2", "", {}, "sha512-1wqSt97RLezWzeogLSVXHr+E3jpYO8jxyaK2AIdJeGoZZTCubwNxQ9IqU5gbQpJVcxlbPugPAsII+m9/gqpPSA=="],

    "tinyglobby": ["tinyglobby@0.2.17", "", { "dependencies": { "fdir": "^6.5.0", "picomatch": "^4.0.4" } }, "sha512-wXR/dYpcqKmfWpEdZjiKJOwCNFndD0DMnrW/cYjVGttEkBfVgcLFHoNrlj47mjOVic9yyNu65alsgF4NQyTa2g=="],

    "tsover-runtime": ["tsover-runtime@0.0.7", "", {}, "sha512-FHHwMJzZbnP23+fU1PxXljy7j0RRRosL2r1/CRUNTqfW+l7m35JsUkM615x/cAzw4GqRdXPIl3axKMj9qzpZtQ=="],

    "typed-binary": ["typed-binary@4.3.3", "", {}, "sha512-W2hLsSzt3k/tg38gDE4Fn/QiwcoqGuUHBc2cb3mXuH7KcYxe/GM57vzW14s2/bawB4R5knGgGq8Xb57vsaJ4Sg=="],

    "typegpu": ["typegpu@0.12.0", "", { "dependencies": { "tinyest": "~0.3.2", "tsover-runtime": "^0.0.7", "typed-binary": "^4.3.3" }, "bin": { "typegpu": "./bin.mjs" } }, "sha512-onz2jmLierL9cQUCfUhyP8x9XROyWFoFuHTFqyz4p45FTEBYFY9zNfnSntswuREGGZdPaZxQYOlBERAidhybWg=="],

    "typescript": ["typescript@5.9.3", "", { "bin": { "tsc": "bin/tsc", "tsserver": "bin/tsserver" } }, "sha512-jl1vZzPDinLr9eUt3J/t7V6FgNEw9QjvBPdysz9KfQDD41fQrC2Y4vKQdiaUpFT4bXlb1RHhLpp8wtm6M5TgSw=="],

    "undici-types": ["undici-types@8.3.0", "", {}, "sha512-j375ScV60dom+YkPFIfTLcOiPxkN/buHz5GobjLhixFuANaNs3C9l4GmrWqejgXWJ7BbJcFYpTEUkS1Ge8bpZQ=="],

    "vite": ["vite@8.2.1", "", { "dependencies": { "lightningcss": "^1.33.0", "picomatch": "^4.0.5", "postcss": "^8.5.25", "rolldown": "~1.2.1", "tinyglobby": "^0.2.17" }, "optionalDependencies": { "fsevents": "~2.3.3" }, "peerDependencies": { "@types/node": "^20.19.0 || >=22.12.0", "@vitejs/devtools": "^0.4.0", "esbuild": "^0.27.0 || ^0.28.0", "jiti": ">=1.21.0", "less": "^4.0.0", "sass": "^1.70.0", "sass-embedded": "^1.70.0", "stylus": ">=0.54.8", "sugarss": "^5.0.0", "terser": "^5.16.0", "tsx": "^4.8.1", "yaml": "^2.4.2" }, "optionalPeers": ["@types/node", "@vitejs/devtools", "esbuild", "jiti", "less", "sass", "sass-embedded", "stylus", "sugarss", "terser", "tsx", "yaml"], "bin": { "vite": "bin/vite.js" } }, "sha512-EU/eS7BH3XROHh2YnBefjM6DBKA6ZeMZEYQbj7NLWg5wHYlhB8B/Mayd5XsgWq+NFYccDOTemRpdETWR6Ka/lw=="],

    "vscode-uri": ["vscode-uri@3.1.0", "", {}, "sha512-/BpdSx+yCQGnCvecbyXdxHDkuk55/G3xwnC0GqY4gmQ3j+A+g8kzzgB4Nk/SINjqn6+waqw3EgbVF2QKExkRxQ=="],

    "ws": ["ws@8.21.0", "", { "peerDependencies": { "bufferutil": "^4.0.1", "utf-8-validate": ">=5.0.2" }, "optionalPeers": ["bufferutil", "utf-8-validate"] }, "sha512-Vsp28b7DRcimFQvrqu2Wek3z1iYxDCWqHYB8Qsnk/S4RfaCQzPGPyBNuVjJV3cd6UiKtUtp6sNM77gWvzcCH+g=="],

    "zimmerframe": ["zimmerframe@1.1.4", "", {}, "sha512-B58NGBEoc8Y9MWWCQGl/gq9xBCe4IiKM0a2x7GZdQKOW5Exr8S1W24J6OgM1njK8xCRGvAJIL/MxXHf6SkmQKQ=="],

    "@tailwindcss/node/lightningcss": ["lightningcss@1.32.0", "", { "dependencies": { "detect-libc": "^2.0.3" }, "optionalDependencies": { "lightningcss-android-arm64": "1.32.0", "lightningcss-darwin-arm64": "1.32.0", "lightningcss-darwin-x64": "1.32.0", "lightningcss-freebsd-x64": "1.32.0", "lightningcss-linux-arm-gnueabihf": "1.32.0", "lightningcss-linux-arm64-gnu": "1.32.0", "lightningcss-linux-arm64-musl": "1.32.0", "lightningcss-linux-x64-gnu": "1.32.0", "lightningcss-linux-x64-musl": "1.32.0", "lightningcss-win32-arm64-msvc": "1.32.0", "lightningcss-win32-x64-msvc": "1.32.0" } }, "sha512-NXYBzinNrblfraPGyrbPoD19C1h9lfI/1mzgWYvXUTe414Gz/X1FD2XBZSZM7rRTrMA8JL3OtAaGifrIKhQ5yQ=="],

    "@tailwindcss/oxide-wasm32-wasi/@emnapi/core": ["@emnapi/core@1.11.3", "", { "dependencies": { "@emnapi/wasi-threads": "1.2.3", "tslib": "^2.4.0" }, "bundled": true }, "sha512-zLpS5asjEb7lq8jYLq37N6XKaE41DIexlY1rF/z4/tIl3wo13Sqm28fRyfIsKZD+NZ8mM5RoKkpW/rBcuoSZSg=="],

    "@tailwindcss/oxide-wasm32-wasi/@emnapi/runtime": ["@emnapi/runtime@1.11.3", "", { "dependencies": { "tslib": "^2.4.0" }, "bundled": true }, "sha512-Xz4Tpyki7XyrpbUK1jR1AhdAdaXyhhY4lZ3neLodmhpuWfy2PAQN5B46sAiU4liOXGLkHypn/qU+jvfWSCYYLA=="],

    "@tailwindcss/oxide-wasm32-wasi/@emnapi/wasi-threads": ["@emnapi/wasi-threads@1.2.3", "", { "dependencies": { "tslib": "^2.4.0" }, "bundled": true }, "sha512-ELEBe8PsLvvJ6QMr0zLt8ffvOHW/dc1m3CEzNMg7aJUv3bMaoDtw2TXyDAwkYBuroxxuHEwhRTLJSe5sya547g=="],

    "@tailwindcss/oxide-wasm32-wasi/@napi-rs/wasm-runtime": ["@napi-rs/wasm-runtime@1.2.3", "", { "dependencies": { "@tybys/wasm-util": "^0.10.3" }, "peerDependencies": { "@emnapi/core": "^1.7.1 || ^2.0.0-alpha.4", "@emnapi/runtime": "^1.7.1 || ^2.0.0-alpha.4" }, "bundled": true }, "sha512-UMduMbqO5s5zF2NkNacMT/yK5Y5QiKvWr2+50bzIIxFDwVJ2h49b+oyjaCGPhJxd2/gC2x39EHv/gHVuu36x2Q=="],

    "@tailwindcss/oxide-wasm32-wasi/@tybys/wasm-util": ["@tybys/wasm-util@0.10.3", "", { "dependencies": { "tslib": "^2.4.0" }, "bundled": true }, "sha512-F3fo1MYrRJYL3zER0OUOmkutjr1Vp23m7OsSgp7nq4SP6OqX6C/56XFIPAl5bt3zaBRjmW7SGz3u/6LwFpYcOg=="],

    "@tailwindcss/oxide-wasm32-wasi/tslib": ["tslib@2.8.1", "", { "bundled": true }, "sha512-oJFu94HQb+KVduSUQL7wnpmqnfmLsOA/nAh6b6EH0wCEoK0/mPeXU6c3wKDV83MkOuHPRHtSXKKU99IBazS/2w=="],

    "@tailwindcss/node/lightningcss/lightningcss-android-arm64": ["lightningcss-android-arm64@1.32.0", "", { "os": "android", "cpu": "arm64" }, "sha512-YK7/ClTt4kAK0vo6w3X+Pnm0D2cf2vPHbhOXdoNti1Ga0al1P4TBZhwjATvjNwLEBCnKvjJc2jQgHXH0NEwlAg=="],

    "@tailwindcss/node/lightningcss/lightningcss-darwin-arm64": ["lightningcss-darwin-arm64@1.32.0", "", { "os": "darwin", "cpu": "arm64" }, "sha512-RzeG9Ju5bag2Bv1/lwlVJvBE3q6TtXskdZLLCyfg5pt+HLz9BqlICO7LZM7VHNTTn/5PRhHFBSjk5lc4cmscPQ=="],

    "@tailwindcss/node/lightningcss/lightningcss-darwin-x64": ["lightningcss-darwin-x64@1.32.0", "", { "os": "darwin", "cpu": "x64" }, "sha512-U+QsBp2m/s2wqpUYT/6wnlagdZbtZdndSmut/NJqlCcMLTWp5muCrID+K5UJ6jqD2BFshejCYXniPDbNh73V8w=="],

    "@tailwindcss/node/lightningcss/lightningcss-freebsd-x64": ["lightningcss-freebsd-x64@1.32.0", "", { "os": "freebsd", "cpu": "x64" }, "sha512-JCTigedEksZk3tHTTthnMdVfGf61Fky8Ji2E4YjUTEQX14xiy/lTzXnu1vwiZe3bYe0q+SpsSH/CTeDXK6WHig=="],

    "@tailwindcss/node/lightningcss/lightningcss-linux-arm-gnueabihf": ["lightningcss-linux-arm-gnueabihf@1.32.0", "", { "os": "linux", "cpu": "arm" }, "sha512-x6rnnpRa2GL0zQOkt6rts3YDPzduLpWvwAF6EMhXFVZXD4tPrBkEFqzGowzCsIWsPjqSK+tyNEODUBXeeVHSkw=="],

    "@tailwindcss/node/lightningcss/lightningcss-linux-arm64-gnu": ["lightningcss-linux-arm64-gnu@1.32.0", "", { "os": "linux", "cpu": "arm64" }, "sha512-0nnMyoyOLRJXfbMOilaSRcLH3Jw5z9HDNGfT/gwCPgaDjnx0i8w7vBzFLFR1f6CMLKF8gVbebmkUN3fa/kQJpQ=="],

    "@tailwindcss/node/lightningcss/lightningcss-linux-arm64-musl": ["lightningcss-linux-arm64-musl@1.32.0", "", { "os": "linux", "cpu": "arm64" }, "sha512-UpQkoenr4UJEzgVIYpI80lDFvRmPVg6oqboNHfoH4CQIfNA+HOrZ7Mo7KZP02dC6LjghPQJeBsvXhJod/wnIBg=="],

    "@tailwindcss/node/lightningcss/lightningcss-linux-x64-gnu": ["lightningcss-linux-x64-gnu@1.32.0", "", { "os": "linux", "cpu": "x64" }, "sha512-V7Qr52IhZmdKPVr+Vtw8o+WLsQJYCTd8loIfpDaMRWGUZfBOYEJeyJIkqGIDMZPwPx24pUMfwSxxI8phr/MbOA=="],

    "@tailwindcss/node/lightningcss/lightningcss-linux-x64-musl": ["lightningcss-linux-x64-musl@1.32.0", "", { "os": "linux", "cpu": "x64" }, "sha512-bYcLp+Vb0awsiXg/80uCRezCYHNg1/l3mt0gzHnWV9XP1W5sKa5/TCdGWaR/zBM2PeF/HbsQv/j2URNOiVuxWg=="],

    "@tailwindcss/node/lightningcss/lightningcss-win32-arm64-msvc": ["lightningcss-win32-arm64-msvc@1.32.0", "", { "os": "win32", "cpu": "arm64" }, "sha512-8SbC8BR40pS6baCM8sbtYDSwEVQd4JlFTOlaD3gWGHfThTcABnNDBda6eTZeqbofalIJhFx0qKzgHJmcPTnGdw=="],

    "@tailwindcss/node/lightningcss/lightningcss-win32-x64-msvc": ["lightningcss-win32-x64-msvc@1.32.0", "", { "os": "win32", "cpu": "x64" }, "sha512-Amq9B/SoZYdDi1kFrojnoqPLxYhQ4Wo5XiL8EVJrVsB8ARoC1PWW6VGtT0WKCemjy8aC+louJnjS7U18x3b06Q=="],
  }
}
